PODS:
  - AFNetworking (3.1.0):
    - AFNetworking/NSURLSession (= 3.1.0)
    - AFNetworking/Reachability (= 3.1.0)
    - AFNetworking/Security (= 3.1.0)
    - AFNetworking/Serialization (= 3.1.0)
    - AFNetworking/UIKit (= 3.1.0)
  - AFNetworking/NSURLSession (3.1.0):
    - AFNetworking/Reachability
    - AFNetworking/Security
    - AFNetworking/Serialization
  - AFNetworking/Reachability (3.1.0)
  - AFNetworking/Security (3.1.0)
  - AFNetworking/Serialization (3.1.0)
  - AFNetworking/UIKit (3.1.0):
    - AFNetworking/NSURLSession
  - CocoaAsyncSocket (7.4.1)
  - NHNetworkTime (1.6):
    - CocoaAsyncSocket (<= 7.4.1)
  - NSHash (1.1.0)
  - ox-push3 (0.1.4):
    - AFNetworking
    - NHNetworkTime
    - NSHash
  - QRCodeReaderViewController (4.0.2)
  - SCLAlertView-Objective-C (1.0.5)

DEPENDENCIES:
  - AFNetworking
  - NHNetworkTime
  - NSHash
  - ox-push3 (from `/Users/nazaryavornytskyy/ox-push2-ios-pod`)
  - QRCodeReaderViewController (~> 4.0.1)
  - SCLAlertView-Objective-C

EXTERNAL SOURCES:
  ox-push3:
    :path: /Users/nazaryavornytskyy/ox-push2-ios-pod

SPEC CHECKSUMS:
  AFNetworking: 5e0e199f73d8626b11e79750991f5d173d1f8b67
  CocoaAsyncSocket: 7cbf214b27f8e7f7574db6a3fd96352ffaed433d
  NHNetworkTime: d4a05f26fc3676a722db38724adda7dba7321ba1
  NSHash: 61d598c6d48957c5557f1eef0aeafd6ef5ec5fb7
  ox-push3: a7442aa082db913528659fe0c8caca1877072161
  QRCodeReaderViewController: e8f27d035b3e72b1d4b1c61ff66458287e3be0ff
  SCLAlertView-Objective-C: a2b8b09b8ce5fe14c233ecaa09c02be582c6389a

PODFILE CHECKSUM: 9eeab82d8fbc6104ebd37382e675bbb1160712f9

COCOAPODS: 1.0.0
